
Microsoft Visual Studio Solution File, Format Version 12.00
# Visual Studio Version 17
VisualStudioVersion = 17.3.32922.545
MinimumVisualStudioVersion = 10.0.40219.1
Project("{9A19103F-16F7-4668-BE54-9A1E7A4F7556}") = "HilltopBlazorWASM", "HilltopBlazorWASM.csproj", "{60D222A3-5683-4E9A-8BDF-7512C627E867}"
EndProject
Project("{9A19103F-16F7-4668-BE54-9A1E7A4F7556}") = "HilltopMAUI", "..\HilltopMAUI\HilltopMAUI.csproj", "{5FFEB5FE-0439-49B3-A123-9AB5C5B9EA3A}"
EndProject
Project("{9A19103F-16F7-4668-BE54-9A1E7A4F7556}") = "HilltopBlazorServer", "..\HilltopBlazorServer\HilltopBlazorServer.csproj", "{F06F2D8A-C607-4AB1-9F7A-65EA8F2BA37D}"
EndProject
Global
	GlobalSection(SolutionConfigurationPlatforms) = preSolution
		Debug|Any CPU = Debug|Any CPU
		Release|Any CPU = Release|Any CPU
	EndGlobalSection
	GlobalSection(ProjectConfigurationPlatforms) = postSolution
		{60D222A3-5683-4E9A-8BDF-7512C627E867}.Debug|Any CPU.ActiveCfg = Debug|Any CPU
		{60D222A3-5683-4E9A-8BDF-7512C627E867}.Debug|Any CPU.Build.0 = Debug|Any CPU
		{60D222A3-5683-4E9A-8BDF-7512C627E867}.Release|Any CPU.ActiveCfg = Release|Any CPU
		{60D222A3-5683-4E9A-8BDF-7512C627E867}.Release|Any CPU.Build.0 = Release|Any CPU
		{5FFEB5FE-0439-49B3-A123-9AB5C5B9EA3A}.Debug|Any CPU.ActiveCfg = Debug|Any CPU
		{5FFEB5FE-0439-49B3-A123-9AB5C5B9EA3A}.Release|Any CPU.ActiveCfg = Release|Any CPU
		{F06F2D8A-C607-4AB1-9F7A-65EA8F2BA37D}.Debug|Any CPU.ActiveCfg = Debug|Any CPU
		{F06F2D8A-C607-4AB1-9F7A-65EA8F2BA37D}.Release|Any CPU.ActiveCfg = Release|Any CPU
	EndGlobalSection
	GlobalSection(SolutionProperties) = preSolution
		HideSolutionNode = FALSE
	EndGlobalSection
	GlobalSection(ExtensibilityGlobals) = postSolution
		SolutionGuid = {A09E372C-855B-434B-B1FA-EFAB3B601248}
	EndGlobalSection
EndGlobal
